
Microsoft Visual Studio Solution File, Format Version 12.00
# Visual Studio Version 16
VisualStudioVersion = 16.0.29806.167
MinimumVisualStudioVersion = 10.0.40219.1
Project("{8BC9CEB8-8B4A-11D0-8D11-00A0C91BC942}") = "Big_Integer_Multiplication", "Big_Integer_Multiplication\Big_Integer_Multiplication.vcxproj", "{5514648E-763A-49AE-B3FA-59C0DBE58982}"
EndProject
Global
	GlobalSection(SolutionConfigurationPlatforms) = preSolution
		Debug|x64 = Debug|x64
		Debug|x86 = Debug|x86
		Release|x64 = Release|x64
		Release|x86 = Release|x86
	EndGlobalSection
	GlobalSection(ProjectConfigurationPlatforms) = postSolution
		{5514648E-763A-49AE-B3FA-59C0DBE58982}.Debug|x64.ActiveCfg = Debug|x64
		{5514648E-763A-49AE-B3FA-59C0DBE58982}.Debug|x64.Build.0 = Debug|x64
		{5514648E-763A-49AE-B3FA-59C0DBE58982}.Debug|x86.ActiveCfg = Debug|Win32
		{5514648E-763A-49AE-B3FA-59C0DBE58982}.Debug|x86.Build.0 = Debug|Win32
		{5514648E-763A-49AE-B3FA-59C0DBE58982}.Release|x64.ActiveCfg = Release|x64
		{5514648E-763A-49AE-B3FA-59C0DBE58982}.Release|x64.Build.0 = Release|x64
		{5514648E-763A-49AE-B3FA-59C0DBE58982}.Release|x86.ActiveCfg = Release|Win32
		{5514648E-763A-49AE-B3FA-59C0DBE58982}.Release|x86.Build.0 = Release|Win32
	EndGlobalSection
	GlobalSection(SolutionProperties) = preSolution
		HideSolutionNode = FALSE
	EndGlobalSection
	GlobalSection(ExtensibilityGlobals) = postSolution
		SolutionGuid = {AFE49D13-697E-4280-B4B2-10F63E16B45D}
	EndGlobalSection
EndGlobal
